// !$*UTF8*$!
{
	archiveVersion = 1;
	classes = {
	};
	objectVersion = 46;
	objects = {

/* Begin PBXBuildFile section */
		8BF27D091C5C04F600B5A1B4 /* main.m in Sources */ = {isa = PBXBuildFile; fileRef = 8BF27D081C5C04F600B5A1B4 /* main.m */; };
		8BF27D0C1C5C04F600B5A1B4 /* AppDelegate.m in Sources */ = {isa = PBXBuildFile; fileRef = 8BF27D0B1C5C04F600B5A1B4 /* AppDelegate.m */; };
		8BF27D0F1C5C04F600B5A1B4 /* ViewController.m in Sources */ = {isa = PBXBuildFile; fileRef = 8BF27D0E1C5C04F600B5A1B4 /* ViewController.m */; };
		8BF27D121C5C04F600B5A1B4 /* Main.storyboard in Resources */ = {isa = PBXBuildFile; fileRef = 8BF27D101C5C04F600B5A1B4 /* Main.storyboard */; };
		8BF27D141C5C04F600B5A1B4 /* Assets.xcassets in Resources */ = {isa = PBXBuildFile; fileRef = 8BF27D131C5C04F600B5A1B4 /* Assets.xcassets */; };
		8BF27D171C5C04F600B5A1B4 /* LaunchScreen.storyboard in Resources */ = {isa = PBXBuildFile; fileRef = 8BF27D151C5C04F600B5A1B4 /* LaunchScreen.storyboard */; };
		8BF27D1F1C5C0C7B00B5A1B4 /* audio.mp3 in Resources */ = {isa = PBXBuildFile; fileRef = 8BF27D1E1C5C0C7B00B5A1B4 /* audio.mp3 */; };
		8BF27D221C5C123D00B5A1B4 /* RootViewController.m in Sources */ = {isa = PBXBuildFile; fileRef = 8BF27D211C5C123D00B5A1B4 /* RootViewController.m */; };
/* End PBXBuildFile section */

/* Begin PBXFileReference section */
		8BF27D041C5C04F600B5A1B4 /* Media.app */ = {isa = PBXFileReference; explicitFileType = wrapper.application; includeInIndex = 0; path = Media.app; sourceTree = BUILT_PRODUCTS_DIR; };
		8BF27D081C5C04F600B5A1B4 /* main.m */ = {isa = PBXFileReference; lastKnownFileType = sourcecode.c.objc; path = main.m; sourceTree = "<group>"; };
		8BF27D0A1C5C04F600B5A1B4 /* AppDelegate.h */ = {isa = PBXFileReference; lastKnownFileType = sourcecode.c.h; path = AppDelegate.h; sourceTree = "<group>"; };
		8BF27D0B1C5C04F600B5A1B4 /* AppDelegate.m */ = {isa = PBXFileReference; lastKnownFileType = sourcecode.c.objc; path = AppDelegate.m; sourceTree = "<group>"; };
		8BF27D0D1C5C04F600B5A1B4 /* ViewController.h */ = {isa = PBXFileReference; lastKnownFileType = sourcecode.c.h; path = ViewController.h; sourceTree = "<group>"; };
		8BF27D0E1C5C04F600B5A1B4 /* ViewController.m */ = {isa = PBXFileReference; lastKnownFileType = sourcecode.c.objc; path = ViewController.m; sourceTree = "<group>"; };
		8BF27D111C5C04F600B5A1B4 /* Base */ = {isa = PBXFileReference; lastKnownFileType = file.storyboard; name = Base; path = Base.lproj/Main.storyboard; sourceTree = "<group>"; };
		8BF27D131C5C04F600B5A1B4 /* Assets.xcassets */ = {isa = PBXFileReference; lastKnownFileType = folder.assetcatalog; path = Assets.xcassets; sourceTree = "<group>"; };
		8BF27D161C5C04F600B5A1B4 /* Base */ = {isa = PBXFileReference; lastKnownFileType = file.storyboard; name = Base; path = Base.lproj/LaunchScreen.storyboard; sourceTree = "<group>"; };
		8BF27D181C5C04F600B5A1B4 /* Info.plist */ = {isa = PBXFileReference; lastKnownFileType = text.plist.xml; path = Info.plist; sourceTree = "<group>"; };
		8BF27D1E1C5C0C7B00B5A1B4 /* audio.mp3 */ = {isa = PBXFileReference; lastKnownFileType = audio.mp3; path = audio.mp3; sourceTree = "<group>"; };
		8BF27D201C5C123D00B5A1B4 /* RootViewController.h */ = {isa = PBXFileReference; fileEncoding = 4; lastKnownFileType = sourcecode.c.h; path = RootViewController.h; sourceTree = "<group>"; };
		8BF27D211C5C123D00B5A1B4 /* RootViewController.m */ = {isa = PBXFileReference; fileEncoding = 4; lastKnownFileType = sourcecode.c.objc; path = RootViewController.m; sourceTree = "<group>"; };
/* End PBXFileReference section */

/* Begin PBXFrameworksBuildPhase section */
		8BF27D011C5C04F600B5A1B4 /* Frameworks */ = {
			isa = PBXFrameworksBuildPhase;
			buildActionMask = 2147483647;
			files = (
			);
			runOnlyForDeploymentPostprocessing = 0;
		};
/* End PBXFrameworksBuildPhase section */

/* Begin PBXGroup section */
		8BF27CFB1C5C04F600B5A1B4 = {
			isa = PBXGroup;
			children = (
				8BF27D061C5C04F600B5A1B4 /* Media */,
				8BF27D051C5C04F600B5A1B4 /* Products */,
			);
			sourceTree = "<group>";
		};
		8BF27D051C5C04F600B5A1B4 /* Products */ = {
			isa = PBXGroup;
			children = (
				8BF27D041C5C04F600B5A1B4 /* Media.app */,
			);
			name = Products;
			sourceTree = "<group>";
		};
		8BF27D061C5C04F600B5A1B4 /* Media */ = {
			isa = PBXGroup;
			children = (
				8BF27D0A1C5C04F600B5A1B4 /* AppDelegate.h */,
				8BF27D0B1C5C04F600B5A1B4 /* AppDelegate.m */,
				8BF27D201C5C123D00B5A1B4 /* RootViewController.h */,
				8BF27D211C5C123D00B5A1B4 /* RootViewController.m */,
				8BF27D0D1C5C04F600B5A1B4 /* ViewController.h */,
				8BF27D0E1C5C04F600B5A1B4 /* ViewController.m */,
				8BF27D1E1C5C0C7B00B5A1B4 /* audio.mp3 */,
				8BF27D101C5C04F600B5A1B4 /* Main.storyboard */,
				8BF27D131C5C04F600B5A1B4 /* Assets.xcassets */,
				8BF27D151C5C04F600B5A1B4 /* LaunchScreen.storyboard */,
				8BF27D181C5C04F600B5A1B4 /* Info.plist */,
				8BF27D071C5C04F600B5A1B4 /* Supporting Files */,
			);
			path = Media;
			sourceTree = "<group>";
		};
		8BF27D071C5C04F600B5A1B4 /* Supporting Files */ = {
			isa = PBXGroup;
			children = (
				8BF27D081C5C04F600B5A1B4 /* main.m */,
			);
			name = "Supporting Files";
			sourceTree = "<group>";
		};
/* End PBXGroup section */

/* Begin PBXNativeTarget section */
		8BF27D031C5C04F600B5A1B4 /* Media */ = {
			isa = PBXNativeTarget;
			buildConfigurationList = 8BF27D1B1C5C04F600B5A1B4 /* Build configuration list for PBXNativeTarget "Media" */;
			buildPhases = (
				8BF27D001C5C04F600B5A1B4 /* Sources */,
				8BF27D011C5C04F600B5A1B4 /* Frameworks */,
				8BF27D021C5C04F600B5A1B4 /* Resources */,
			);
			buildRules = (
			);
			dependencies = (
			);
			name = Media;
			productName = Media;
			productReference = 8BF27D041C5C04F600B5A1B4 /* Media.app */;
			productType = "com.apple.product-type.application";
		};
/* End PBXNativeTarget section */

/* Begin PBXProject section */
		8BF27CFC1C5C04F600B5A1B4 /* Project object */ = {
			isa = PBXProject;
			attributes = {
				LastUpgradeCheck = 0720;
				ORGANIZATIONNAME = "Cory Alder";
				TargetAttributes = {
					8BF27D031C5C04F600B5A1B4 = {
						CreatedOnToolsVersion = 7.2;
					};
				};
			};
			buildConfigurationList = 8BF27CFF1C5C04F600B5A1B4 /* Build configuration list for PBXProject "Media" */;
			compatibilityVersion = "Xcode 3.2";
			developmentRegion = English;
			hasScannedForEncodings = 0;
			knownRegions = (
				en,
				Base,
			);
			mainGroup = 8BF27CFB1C5C04F600B5A1B4;
			productRefGroup = 8BF27D051C5C04F600B5A1B4 /* Products */;
			projectDirPath = "";
			projectRoot = "";
			targets = (
				8BF27D031C5C04F600B5A1B4 /* Media */,
			);
		};
/* End PBXProject section */

/* Begin PBXResourcesBuildPhase section */
		8BF27D021C5C04F600B5A1B4 /* Resources */ = {
			isa = PBXResourcesBuildPhase;
			buildActionMask = 2147483647;
			files = (
				8BF27D171C5C04F600B5A1B4 /* LaunchScreen.storyboard in Resources */,
				8BF27D1F1C5C0C7B00B5A1B4 /* audio.mp3 in Resources */,
				8BF27D141C5C04F600B5A1B4 /* Assets.xcassets in Resources */,
				8BF27D121C5C04F600B5A1B4 /* Main.storyboard in Resources */,
			);
			runOnlyForDeploymentPostprocessing = 0;
		};
/* End PBXResourcesBuildPhase section */

/* Begin PBXSourcesBuildPhase section */
		8BF27D001C5C04F600B5A1B4 /* Sources */ = {
			isa = PBXSourcesBuildPhase;
			buildActionMask = 2147483647;
			files = (
				8BF27D0F1C5C04F600B5A1B4 /* ViewController.m in Sources */,
				8BF27D0C1C5C04F600B5A1B4 /* AppDelegate.m in Sources */,
				8BF27D221C5C123D00B5A1B4 /* RootViewController.m in Sources */,
				8BF27D091C5C04F600B5A1B4 /* main.m in Sources */,
			);
			runOnlyForDeploymentPostprocessing = 0;
		};
/* End PBXSourcesBuildPhase section */

/* Begin PBXVariantGroup section */
		8BF27D101C5C04F600B5A1B4 /* Main.storyboard */ = {
			isa = PBXVariantGroup;
			children = (
				8BF27D111C5C04F600B5A1B4 /* Base */,
			);
			name = Main.storyboard;
			sourceTree = "<group>";
		};
		8BF27D151C5C04F600B5A1B4 /* LaunchScreen.storyboard */ = {
			isa = PBXVariantGroup;
			children = (
				8BF27D161C5C04F600B5A1B4 /* Base */,
			);
			name = LaunchScreen.storyboard;
			sourceTree = "<group>";
		};
/* End PBXVariantGroup section */

/* Begin XCBuildConfiguration section */
		8BF27D191C5C04F600B5A1B4 /* Debug */ = {
			isa = XCBuildConfiguration;
			buildSettings = {
				ALWAYS_SEARCH_USER_PATHS = NO;
				CLANG_CXX_LANGUAGE_STANDARD = "gnu++0x";
				CLANG_CXX_LIBRARY = "libc++";
				CLANG_ENABLE_MODULES = YES;
				CLANG_ENABLE_OBJC_ARC = YES;
				CLANG_WARN_BOOL_CONVERSION = YES;
				CLANG_WARN_CONSTANT_CONVERSION = YES;
				CLANG_WARN_DIRECT_OBJC_ISA_USAGE = YES_ERROR;
				CLANG_WARN_EMPTY_BODY = YES;
				CLANG_WARN_ENUM_CONVERSION = YES;
				CLANG_WARN_INT_CONVERSION = YES;
				CLANG_WARN_OBJC_ROOT_CLASS = YES_ERROR;
				CLANG_WARN_UNREACHABLE_CODE = YES;
				CLANG_WARN__DUPLICATE_METHOD_MATCH = YES;
				"CODE_SIGN_IDENTITY[sdk=iphoneos*]" = "iPhone Developer";
				COPY_PHASE_STRIP = NO;
				DEBUG_INFORMATION_FORMAT = dwarf;
				ENABLE_STRICT_OBJC_MSGSEND = YES;
				ENABLE_TESTABILITY = YES;
				GCC_C_LANGUAGE_STANDARD = gnu99;
				GCC_DYNAMIC_NO_PIC = NO;
				GCC_NO_COMMON_BLOCKS = YES;
				GCC_OPTIMIZATION_LEVEL = 0;
				GCC_PREPROCESSOR_DEFINITIONS = (
					"DEBUG=1",
					"$(inherited)",
				);
				GCC_WARN_64_TO_32_BIT_CONVERSION = YES;
				GCC_WARN_ABOUT_RETURN_TYPE = YES_ERROR;
				GCC_WARN_UNDECLARED_SELECTOR = YES;
				GCC_WARN_UNINITIALIZED_AUTOS = YES_AGGRESSIVE;
				GCC_WARN_UNUSED_FUNCTION = YES;
				GCC_WARN_UNUSED_VARIABLE = YES;
				IPHONEOS_DEPLOYMENT_TARGET = 9.2;
				MTL_ENABLE_DEBUG_INFO = YES;
				ONLY_ACTIVE_ARCH = YES;
				SDKROOT = iphoneos;
				TARGETED_DEVICE_FAMILY = "1,2";
			};
			name = Debug;
		};
		8BF27D1A1C5C04F600B5A1B4 /* Release */ = {
			isa = XCBuildConfiguration;
			buildSettings = {
				ALWAYS_SEARCH_USER_PATHS = NO;
				CLANG_CXX_LANGUAGE_STANDARD = "gnu++0x";
				CLANG_CXX_LIBRARY = "libc++";
				CLANG_ENABLE_MODULES = YES;
				CLANG_ENABLE_OBJC_ARC = YES;
				CLANG_WARN_BOOL_CONVERSION = YES;
				CLANG_WARN_CONSTANT_CONVERSION = YES;
				CLANG_WARN_DIRECT_OBJC_ISA_USAGE = YES_ERROR;
				CLANG_WARN_EMPTY_BODY = YES;
				CLANG_WARN_ENUM_CONVERSION = YES;
				CLANG_WARN_INT_CONVERSION = YES;
				CLANG_WARN_OBJC_ROOT_CLASS = YES_ERROR;
				CLANG_WARN_UNREACHABLE_CODE = YES;
				CLANG_WARN__DUPLICATE_METHOD_MATCH = YES;
				"CODE_SIGN_IDENTITY[sdk=iphoneos*]" = "iPhone Developer";
				COPY_PHASE_STRIP = NO;
				DEBUG_INFORMATION_FORMAT = "dwarf-with-dsym";
				ENABLE_NS_ASSERTIONS = NO;
				ENABLE_STRICT_OBJC_MSGSEND = YES;
				GCC_C_LANGUAGE_STANDARD = gnu99;
				GCC_NO_COMMON_BLOCKS = YES;
				GCC_WARN_64_TO_32_BIT_CONVERSION = YES;
				GCC_WARN_ABOUT_RETURN_TYPE = YES_ERROR;
				GCC_WARN_UNDECLARED_SELECTOR = YES;
				GCC_WARN_UNINITIALIZED_AUTOS = YES_AGGRESSIVE;
				GCC_WARN_UNUSED_FUNCTION = YES;
				GCC_WARN_UNUSED_VARIABLE = YES;
				IPHONEOS_DEPLOYMENT_TARGET = 9.2;
				MTL_ENABLE_DEBUG_INFO = NO;
				SDKROOT = iphoneos;
				TARGETED_DEVICE_FAMILY = "1,2";
				VALIDATE_PRODUCT = YES;
			};
			name = Release;
		};
		8BF27D1C1C5C04F600B5A1B4 /* Debug */ = {
			isa = XCBuildConfiguration;
			buildSettings = {
				ASSETCATALOG_COMPILER_APPICON_NAME = AppIcon;
				INFOPLIST_FILE = Media/Info.plist;
				LD_RUNPATH_SEARCH_PATHS = "$(inherited) @executable_path/Frameworks";
				PRODUCT_BUNDLE_IDENTIFIER = com.davandermobile.Media;
				PRODUCT_NAME = "$(TARGET_NAME)";
			};
			name = Debug;
		};
		8BF27D1D1C5C04F600B5A1B4 /* Release */ = {
			isa = XCBuildConfiguration;
			buildSettings = {
				ASSETCATALOG_COMPILER_APPICON_NAME = AppIcon;
				INFOPLIST_FILE = Media/Info.plist;
				LD_RUNPATH_SEARCH_PATHS = "$(inherited) @executable_path/Frameworks";
				PRODUCT_BUNDLE_IDENTIFIER = com.davandermobile.Media;
				PRODUCT_NAME = "$(TARGET_NAME)";
			};
			name = Release;
		};
/* End XCBuildConfiguration section */

/* Begin XCConfigurationList section */
		8BF27CFF1C5C04F600B5A1B4 /* Build configuration list for PBXProject "Media" */ = {
			isa = XCConfigurationList;
			buildConfigurations = (
				8BF27D191C5C04F600B5A1B4 /* Debug */,
				8BF27D1A1C5C04F600B5A1B4 /* Release */,
			);
			defaultConfigurationIsVisible = 0;
			defaultConfigurationName = Release;
		};
		8BF27D1B1C5C04F600B5A1B4 /* Build configuration list for PBXNativeTarget "Media" */ = {
			isa = XCConfigurationList;
			buildConfigurations = (
				8BF27D1C1C5C04F600B5A1B4 /* Debug */,
				8BF27D1D1C5C04F600B5A1B4 /* Release */,
			);
			defaultConfigurationIsVisible = 0;
		};
/* End XCConfigurationList section */
	};
	rootObject = 8BF27CFC1C5C04F600B5A1B4 /* Project object */;
}
